
Microsoft Visual Studio Solution File, Format Version 12.00
# Visual Studio Version 16
VisualStudioVersion = 16.0.32106.194
MinimumVisualStudioVersion = 10.0.40219.1
Project("{9A19103F-16F7-4668-BE54-9A1E7A4F7556}") = "COMP2084Winter2022TuesdayCore", "COMP2084Winter2022TuesdayCore\COMP2084Winter2022TuesdayCore.csproj", "{2DF071EA-AFD3-4B69-90B6-E37E03012FBC}"
EndProject
Project("{FAE04EC0-301F-11D3-BF4B-00C04F79EFBC}") = "CoreProject.Tests", "CoreProject.Tests\CoreProject.Tests.csproj", "{D6F7C24A-A038-4213-90C6-9B7B8CF51944}"
EndProject
Global
	GlobalSection(SolutionConfigurationPlatforms) = preSolution
		Debug|Any CPU = Debug|Any CPU
		Release|Any CPU = Release|Any CPU
	EndGlobalSection
	GlobalSection(ProjectConfigurationPlatforms) = postSolution
		{2DF071EA-AFD3-4B69-90B6-E37E03012FBC}.Debug|Any CPU.ActiveCfg = Debug|Any CPU
		{2DF071EA-AFD3-4B69-90B6-E37E03012FBC}.Debug|Any CPU.Build.0 = Debug|Any CPU
		{2DF071EA-AFD3-4B69-90B6-E37E03012FBC}.Release|Any CPU.ActiveCfg = Release|Any CPU
		{2DF071EA-AFD3-4B69-90B6-E37E03012FBC}.Release|Any CPU.Build.0 = Release|Any CPU
		{D6F7C24A-A038-4213-90C6-9B7B8CF51944}.Debug|Any CPU.ActiveCfg = Debug|Any CPU
		{D6F7C24A-A038-4213-90C6-9B7B8CF51944}.Debug|Any CPU.Build.0 = Debug|Any CPU
		{D6F7C24A-A038-4213-90C6-9B7B8CF51944}.Release|Any CPU.ActiveCfg = Release|Any CPU
		{D6F7C24A-A038-4213-90C6-9B7B8CF51944}.Release|Any CPU.Build.0 = Release|Any CPU
	EndGlobalSection
	GlobalSection(SolutionProperties) = preSolution
		HideSolutionNode = FALSE
	EndGlobalSection
	GlobalSection(ExtensibilityGlobals) = postSolution
		SolutionGuid = {A8EBCE09-0705-44F2-898A-081648E07CA7}
	EndGlobalSection
EndGlobal
